// !$*UTF8*$!
{
	archiveVersion = 1;
	classes = {
	};
	objectVersion = 55;
	objects = {

/* Begin PBXBuildFile section */
		0AE0B80E27A3CAD900B6A0AE /* AppDelegate.swift in Sources */ = {isa = PBXBuildFile; fileRef = 0AE0B80D27A3CAD900B6A0AE /* AppDelegate.swift */; };
		0AE0B81027A3CAD900B6A0AE /* SceneDelegate.swift in Sources */ = {isa = PBXBuildFile; fileRef = 0AE0B80F27A3CAD900B6A0AE /* SceneDelegate.swift */; };
		0AE0B81227A3CAD900B6A0AE /* ViewController.swift in Sources */ = {isa = PBXBuildFile; fileRef = 0AE0B81127A3CAD900B6A0AE /* ViewController.swift */; };
		0AE0B81527A3CAD900B6A0AE /* Main.storyboard in Resources */ = {isa = PBXBuildFile; fileRef = 0AE0B81327A3CAD900B6A0AE /* Main.storyboard */; };
		0AE0B81727A3CADA00B6A0AE /* Assets.xcassets in Resources */ = {isa = PBXBuildFile; fileRef = 0AE0B81627A3CADA00B6A0AE /* Assets.xcassets */; };
		0AE0B81A27A3CADA00B6A0AE /* LaunchScreen.storyboard in Resources */ = {isa = PBXBuildFile; fileRef = 0AE0B81827A3CADA00B6A0AE /* LaunchScreen.storyboard */; };
		0AE0B82527A3CADA00B6A0AE /* AutoLayoutTests.swift in Sources */ = {isa = PBXBuildFile; fileRef = 0AE0B82427A3CADA00B6A0AE /* AutoLayoutTests.swift */; };
		0AE0B82F27A3CADA00B6A0AE /* AutoLayoutUITests.swift in Sources */ = {isa = PBXBuildFile; fileRef = 0AE0B82E27A3CADA00B6A0AE /* AutoLayoutUITests.swift */; };
		0AE0B83127A3CADA00B6A0AE /* AutoLayoutUITestsLaunchTests.swift in Sources */ = {isa = PBXBuildFile; fileRef = 0AE0B83027A3CADA00B6A0AE /* AutoLayoutUITestsLaunchTests.swift */; };
/* End PBXBuildFile section */

/* Begin PBXContainerItemProxy section */
		0AE0B82127A3CADA00B6A0AE /* PBXContainerItemProxy */ = {
			isa = PBXContainerItemProxy;
			containerPortal = 0AE0B80227A3CAD900B6A0AE /* Project object */;
			proxyType = 1;
			remoteGlobalIDString = 0AE0B80927A3CAD900B6A0AE;
			remoteInfo = AutoLayout;
		};
		0AE0B82B27A3CADA00B6A0AE /* PBXContainerItemProxy */ = {
			isa = PBXContainerItemProxy;
			containerPortal = 0AE0B80227A3CAD900B6A0AE /* Project object */;
			proxyType = 1;
			remoteGlobalIDString = 0AE0B80927A3CAD900B6A0AE;
			remoteInfo = AutoLayout;
		};
/* End PBXContainerItemProxy section */

/* Begin PBXFileReference section */
		0AE0B80A27A3CAD900B6A0AE /* AutoLayout.app */ = {isa = PBXFileReference; explicitFileType = wrapper.application; includeInIndex = 0; path = AutoLayout.app; sourceTree = BUILT_PRODUCTS_DIR; };
		0AE0B80D27A3CAD900B6A0AE /* AppDelegate.swift */ = {isa = PBXFileReference; lastKnownFileType = sourcecode.swift; path = AppDelegate.swift; sourceTree = "<group>"; };
		0AE0B80F27A3CAD900B6A0AE /* SceneDelegate.swift */ = {isa = PBXFileReference; lastKnownFileType = sourcecode.swift; path = SceneDelegate.swift; sourceTree = "<group>"; };
		0AE0B81127A3CAD900B6A0AE /* ViewController.swift */ = {isa = PBXFileReference; lastKnownFileType = sourcecode.swift; path = ViewController.swift; sourceTree = "<group>"; };
		0AE0B81427A3CAD900B6A0AE /* Base */ = {isa = PBXFileReference; lastKnownFileType = file.storyboard; name = Base; path = Base.lproj/Main.storyboard; sourceTree = "<group>"; };
		0AE0B81627A3CADA00B6A0AE /* Assets.xcassets */ = {isa = PBXFileReference; lastKnownFileType = folder.assetcatalog; path = Assets.xcassets; sourceTree = "<group>"; };
		0AE0B81927A3CADA00B6A0AE /* Base */ = {isa = PBXFileReference; lastKnownFileType = file.storyboard; name = Base; path = Base.lproj/LaunchScreen.storyboard; sourceTree = "<group>"; };
		0AE0B81B27A3CADA00B6A0AE /* Info.plist */ = {isa = PBXFileReference; lastKnownFileType = text.plist.xml; path = Info.plist; sourceTree = "<group>"; };
		0AE0B82027A3CADA00B6A0AE /* AutoLayoutTests.xctest */ = {isa = PBXFileReference; explicitFileType = wrapper.cfbundle; includeInIndex = 0; path = AutoLayoutTests.xctest; sourceTree = BUILT_PRODUCTS_DIR; };
		0AE0B82427A3CADA00B6A0AE /* AutoLayoutTests.swift */ = {isa = PBXFileReference; lastKnownFileType = sourcecode.swift; path = AutoLayoutTests.swift; sourceTree = "<group>"; };
		0AE0B82A27A3CADA00B6A0AE /* AutoLayoutUITests.xctest */ = {isa = PBXFileReference; explicitFileType = wrapper.cfbundle; includeInIndex = 0; path = AutoLayoutUITests.xctest; sourceTree = BUILT_PRODUCTS_DIR; };
		0AE0B82E27A3CADA00B6A0AE /* AutoLayoutUITests.swift */ = {isa = PBXFileReference; lastKnownFileType = sourcecode.swift; path = AutoLayoutUITests.swift; sourceTree = "<group>"; };
		0AE0B83027A3CADA00B6A0AE /* AutoLayoutUITestsLaunchTests.swift */ = {isa = PBXFileReference; lastKnownFileType = sourcecode.swift; path = AutoLayoutUITestsLaunchTests.swift; sourceTree = "<group>"; };
/* End PBXFileReference section */

/* Begin PBXFrameworksBuildPhase section */
		0AE0B80727A3CAD900B6A0AE /* Frameworks */ = {
			isa = PBXFrameworksBuildPhase;
			buildActionMask = 2147483647;
			files = (
			);
			runOnlyForDeploymentPostprocessing = 0;
		};
		0AE0B81D27A3CADA00B6A0AE /* Frameworks */ = {
			isa = PBXFrameworksBuildPhase;
			buildActionMask = 2147483647;
			files = (
			);
			runOnlyForDeploymentPostprocessing = 0;
		};
		0AE0B82727A3CADA00B6A0AE /* Frameworks */ = {
			isa = PBXFrameworksBuildPhase;
			buildActionMask = 2147483647;
			files = (
			);
			runOnlyForDeploymentPostprocessing = 0;
		};
/* End PBXFrameworksBuildPhase section */

/* Begin PBXGroup section */
		0AE0B80127A3CAD900B6A0AE = {
			isa = PBXGroup;
			children = (
				0AE0B80C27A3CAD900B6A0AE /* AutoLayout */,
				0AE0B82327A3CADA00B6A0AE /* AutoLayoutTests */,
				0AE0B82D27A3CADA00B6A0AE /* AutoLayoutUITests */,
				0AE0B80B27A3CAD900B6A0AE /* Products */,
			);
			sourceTree = "<group>";
		};
		0AE0B80B27A3CAD900B6A0AE /* Products */ = {
			isa = PBXGroup;
			children = (
				0AE0B80A27A3CAD900B6A0AE /* AutoLayout.app */,
				0AE0B82027A3CADA00B6A0AE /* AutoLayoutTests.xctest */,
				0AE0B82A27A3CADA00B6A0AE /* AutoLayoutUITests.xctest */,
			);
			name = Products;
			sourceTree = "<group>";
		};
		0AE0B80C27A3CAD900B6A0AE /* AutoLayout */ = {
			isa = PBXGroup;
			children = (
				0AE0B80D27A3CAD900B6A0AE /* AppDelegate.swift */,
				0AE0B80F27A3CAD900B6A0AE /* SceneDelegate.swift */,
				0AE0B81127A3CAD900B6A0AE /* ViewController.swift */,
				0AE0B81327A3CAD900B6A0AE /* Main.storyboard */,
				0AE0B81627A3CADA00B6A0AE /* Assets.xcassets */,
				0AE0B81827A3CADA00B6A0AE /* LaunchScreen.storyboard */,
				0AE0B81B27A3CADA00B6A0AE /* Info.plist */,
			);
			path = AutoLayout;
			sourceTree = "<group>";
		};
		0AE0B82327A3CADA00B6A0AE /* AutoLayoutTests */ = {
			isa = PBXGroup;
			children = (
				0AE0B82427A3CADA00B6A0AE /* AutoLayoutTests.swift */,
			);
			path = AutoLayoutTests;
			sourceTree = "<group>";
		};
		0AE0B82D27A3CADA00B6A0AE /* AutoLayoutUITests */ = {
			isa = PBXGroup;
			children = (
				0AE0B82E27A3CADA00B6A0AE /* AutoLayoutUITests.swift */,
				0AE0B83027A3CADA00B6A0AE /* AutoLayoutUITestsLaunchTests.swift */,
			);
			path = AutoLayoutUITests;
			sourceTree = "<group>";
		};
/* End PBXGroup section */

/* Begin PBXNativeTarget section */
		0AE0B80927A3CAD900B6A0AE /* AutoLayout */ = {
			isa = PBXNativeTarget;
			buildConfigurationList = 0AE0B83427A3CADA00B6A0AE /* Build configuration list for PBXNativeTarget "AutoLayout" */;
			buildPhases = (
				0AE0B80627A3CAD900B6A0AE /* Sources */,
				0AE0B80727A3CAD900B6A0AE /* Frameworks */,
				0AE0B80827A3CAD900B6A0AE /* Resources */,
			);
			buildRules = (
			);
			dependencies = (
			);
			name = AutoLayout;
			productName = AutoLayout;
			productReference = 0AE0B80A27A3CAD900B6A0AE /* AutoLayout.app */;
			productType = "com.apple.product-type.application";
		};
		0AE0B81F27A3CADA00B6A0AE /* AutoLayoutTests */ = {
			isa = PBXNativeTarget;
			buildConfigurationList = 0AE0B83727A3CADA00B6A0AE /* Build configuration list for PBXNativeTarget "AutoLayoutTests" */;
			buildPhases = (
				0AE0B81C27A3CADA00B6A0AE /* Sources */,
				0AE0B81D27A3CADA00B6A0AE /* Frameworks */,
				0AE0B81E27A3CADA00B6A0AE /* Resources */,
			);
			buildRules = (
			);
			dependencies = (
				0AE0B82227A3CADA00B6A0AE /* PBXTargetDependency */,
			);
			name = AutoLayoutTests;
			productName = AutoLayoutTests;
			productReference = 0AE0B82027A3CADA00B6A0AE /* AutoLayoutTests.xctest */;
			productType = "com.apple.product-type.bundle.unit-test";
		};
		0AE0B82927A3CADA00B6A0AE /* AutoLayoutUITests */ = {
			isa = PBXNativeTarget;
			buildConfigurationList = 0AE0B83A27A3CADA00B6A0AE /* Build configuration list for PBXNativeTarget "AutoLayoutUITests" */;
			buildPhases = (
				0AE0B82627A3CADA00B6A0AE /* Sources */,
				0AE0B82727A3CADA00B6A0AE /* Frameworks */,
				0AE0B82827A3CADA00B6A0AE /* Resources */,
			);
			buildRules = (
			);
			dependencies = (
				0AE0B82C27A3CADA00B6A0AE /* PBXTargetDependency */,
			);
			name = AutoLayoutUITests;
			productName = AutoLayoutUITests;
			productReference = 0AE0B82A27A3CADA00B6A0AE /* AutoLayoutUITests.xctest */;
			productType = "com.apple.product-type.bundle.ui-testing";
		};
/* End PBXNativeTarget section */

/* Begin PBXProject section */
		0AE0B80227A3CAD900B6A0AE /* Project object */ = {
			isa = PBXProject;
			attributes = {
				BuildIndependentTargetsInParallel = 1;
				LastSwiftUpdateCheck = 1320;
				LastUpgradeCheck = 1320;
				TargetAttributes = {
					0AE0B80927A3CAD900B6A0AE = {
						CreatedOnToolsVersion = 13.2.1;
					};
					0AE0B81F27A3CADA00B6A0AE = {
						CreatedOnToolsVersion = 13.2.1;
						TestTargetID = 0AE0B80927A3CAD900B6A0AE;
					};
					0AE0B82927A3CADA00B6A0AE = {
						CreatedOnToolsVersion = 13.2.1;
						TestTargetID = 0AE0B80927A3CAD900B6A0AE;
					};
				};
			};
			buildConfigurationList = 0AE0B80527A3CAD900B6A0AE /* Build configuration list for PBXProject "AutoLayout" */;
			compatibilityVersion = "Xcode 13.0";
			developmentRegion = en;
			hasScannedForEncodings = 0;
			knownRegions = (
				en,
				Base,
			);
			mainGroup = 0AE0B80127A3CAD900B6A0AE;
			productRefGroup = 0AE0B80B27A3CAD900B6A0AE /* Products */;
			projectDirPath = "";
			projectRoot = "";
			targets = (
				0AE0B80927A3CAD900B6A0AE /* AutoLayout */,
				0AE0B81F27A3CADA00B6A0AE /* AutoLayoutTests */,
				0AE0B82927A3CADA00B6A0AE /* AutoLayoutUITests */,
			);
		};
/* End PBXProject section */

/* Begin PBXResourcesBuildPhase section */
		0AE0B80827A3CAD900B6A0AE /* Resources */ = {
			isa = PBXResourcesBuildPhase;
			buildActionMask = 2147483647;
			files = (
				0AE0B81A27A3CADA00B6A0AE /* LaunchScreen.storyboard in Resources */,
				0AE0B81727A3CADA00B6A0AE /* Assets.xcassets in Resources */,
				0AE0B81527A3CAD900B6A0AE /* Main.storyboard in Resources */,
			);
			runOnlyForDeploymentPostprocessing = 0;
		};
		0AE0B81E27A3CADA00B6A0AE /* Resources */ = {
			isa = PBXResourcesBuildPhase;
			buildActionMask = 2147483647;
			files = (
			);
			runOnlyForDeploymentPostprocessing = 0;
		};
		0AE0B82827A3CADA00B6A0AE /* Resources */ = {
			isa = PBXResourcesBuildPhase;
			buildActionMask = 2147483647;
			files = (
			);
			runOnlyForDeploymentPostprocessing = 0;
		};
/* End PBXResourcesBuildPhase section */

/* Begin PBXSourcesBuildPhase section */
		0AE0B80627A3CAD900B6A0AE /* Sources */ = {
			isa = PBXSourcesBuildPhase;
			buildActionMask = 2147483647;
			files = (
				0AE0B81227A3CAD900B6A0AE /* ViewController.swift in Sources */,
				0AE0B80E27A3CAD900B6A0AE /* AppDelegate.swift in Sources */,
				0AE0B81027A3CAD900B6A0AE /* SceneDelegate.swift in Sources */,
			);
			runOnlyForDeploymentPostprocessing = 0;
		};
		0AE0B81C27A3CADA00B6A0AE /* Sources */ = {
			isa = PBXSourcesBuildPhase;
			buildActionMask = 2147483647;
			files = (
				0AE0B82527A3CADA00B6A0AE /* AutoLayoutTests.swift in Sources */,
			);
			runOnlyForDeploymentPostprocessing = 0;
		};
		0AE0B82627A3CADA00B6A0AE /* Sources */ = {
			isa = PBXSourcesBuildPhase;
			buildActionMask = 2147483647;
			files = (
				0AE0B82F27A3CADA00B6A0AE /* AutoLayoutUITests.swift in Sources */,
				0AE0B83127A3CADA00B6A0AE /* AutoLayoutUITestsLaunchTests.swift in Sources */,
			);
			runOnlyForDeploymentPostprocessing = 0;
		};
/* End PBXSourcesBuildPhase section */

/* Begin PBXTargetDependency section */
		0AE0B82227A3CADA00B6A0AE /* PBXTargetDependency */ = {
			isa = PBXTargetDependency;
			target = 0AE0B80927A3CAD900B6A0AE /* AutoLayout */;
			targetProxy = 0AE0B82127A3CADA00B6A0AE /* PBXContainerItemProxy */;
		};
		0AE0B82C27A3CADA00B6A0AE /* PBXTargetDependency */ = {
			isa = PBXTargetDependency;
			target = 0AE0B80927A3CAD900B6A0AE /* AutoLayout */;
			targetProxy = 0AE0B82B27A3CADA00B6A0AE /* PBXContainerItemProxy */;
		};
/* End PBXTargetDependency section */

/* Begin PBXVariantGroup section */
		0AE0B81327A3CAD900B6A0AE /* Main.storyboard */ = {
			isa = PBXVariantGroup;
			children = (
				0AE0B81427A3CAD900B6A0AE /* Base */,
			);
			name = Main.storyboard;
			sourceTree = "<group>";
		};
		0AE0B81827A3CADA00B6A0AE /* LaunchScreen.storyboard */ = {
			isa = PBXVariantGroup;
			children = (
				0AE0B81927A3CADA00B6A0AE /* Base */,
			);
			name = LaunchScreen.storyboard;
			sourceTree = "<group>";
		};
/* End PBXVariantGroup section */

/* Begin XCBuildConfiguration section */
		0AE0B83227A3CADA00B6A0AE /* Debug */ = {
			isa = XCBuildConfiguration;
			buildSettings = {
				ALWAYS_SEARCH_USER_PATHS = NO;
				CLANG_ANALYZER_NONNULL = YES;
				CLANG_ANALYZER_NUMBER_OBJECT_CONVERSION = YES_AGGRESSIVE;
				CLANG_CXX_LANGUAGE_STANDARD = "gnu++17";
				CLANG_CXX_LIBRARY = "libc++";
				CLANG_ENABLE_MODULES = YES;
				CLANG_ENABLE_OBJC_ARC = YES;
				CLANG_ENABLE_OBJC_WEAK = YES;
				CLANG_WARN_BLOCK_CAPTURE_AUTORELEASING = YES;
				CLANG_WARN_BOOL_CONVERSION = YES;
				CLANG_WARN_COMMA = YES;
				CLANG_WARN_CONSTANT_CONVERSION = YES;
				CLANG_WARN_DEPRECATED_OBJC_IMPLEMENTATIONS = YES;
				CLANG_WARN_DIRECT_OBJC_ISA_USAGE = YES_ERROR;
				CLANG_WARN_DOCUMENTATION_COMMENTS = YES;
				CLANG_WARN_EMPTY_BODY = YES;
				CLANG_WARN_ENUM_CONVERSION = YES;
				CLANG_WARN_INFINITE_RECURSION = YES;
				CLANG_WARN_INT_CONVERSION = YES;
				CLANG_WARN_NON_LITERAL_NULL_CONVERSION = YES;
				CLANG_WARN_OBJC_IMPLICIT_RETAIN_SELF = YES;
				CLANG_WARN_OBJC_LITERAL_CONVERSION = YES;
				CLANG_WARN_OBJC_ROOT_CLASS = YES_ERROR;
				CLANG_WARN_QUOTED_INCLUDE_IN_FRAMEWORK_HEADER = YES;
				CLANG_WARN_RANGE_LOOP_ANALYSIS = YES;
				CLANG_WARN_STRICT_PROTOTYPES = YES;
				CLANG_WARN_SUSPICIOUS_MOVE = YES;
				CLANG_WARN_UNGUARDED_AVAILABILITY = YES_AGGRESSIVE;
				CLANG_WARN_UNREACHABLE_CODE = YES;
				CLANG_WARN__DUPLICATE_METHOD_MATCH = YES;
				COPY_PHASE_STRIP = NO;
				DEBUG_INFORMATION_FORMAT = dwarf;
				ENABLE_STRICT_OBJC_MSGSEND = YES;
				ENABLE_TESTABILITY = YES;
				GCC_C_LANGUAGE_STANDARD = gnu11;
				GCC_DYNAMIC_NO_PIC = NO;
				GCC_NO_COMMON_BLOCKS = YES;
				GCC_OPTIMIZATION_LEVEL = 0;
				GCC_PREPROCESSOR_DEFINITIONS = (
					"DEBUG=1",
					"$(inherited)",
				);
				GCC_WARN_64_TO_32_BIT_CONVERSION = YES;
				GCC_WARN_ABOUT_RETURN_TYPE = YES_ERROR;
				GCC_WARN_UNDECLARED_SELECTOR = YES;
				GCC_WARN_UNINITIALIZED_AUTOS = YES_AGGRESSIVE;
				GCC_WARN_UNUSED_FUNCTION = YES;
				GCC_WARN_UNUSED_VARIABLE = YES;
				IPHONEOS_DEPLOYMENT_TARGET = 15.2;
				MTL_ENABLE_DEBUG_INFO = INCLUDE_SOURCE;
				MTL_FAST_MATH = YES;
				ONLY_ACTIVE_ARCH = YES;
				SDKROOT = iphoneos;
				SWIFT_ACTIVE_COMPILATION_CONDITIONS = DEBUG;
				SWIFT_OPTIMIZATION_LEVEL = "-Onone";
			};
			name = Debug;
		};
		0AE0B83327A3CADA00B6A0AE /* Release */ = {
			isa = XCBuildConfiguration;
			buildSettings = {
				ALWAYS_SEARCH_USER_PATHS = NO;
				CLANG_ANALYZER_NONNULL = YES;
				CLANG_ANALYZER_NUMBER_OBJECT_CONVERSION = YES_AGGRESSIVE;
				CLANG_CXX_LANGUAGE_STANDARD = "gnu++17";
				CLANG_CXX_LIBRARY = "libc++";
				CLANG_ENABLE_MODULES = YES;
				CLANG_ENABLE_OBJC_ARC = YES;
				CLANG_ENABLE_OBJC_WEAK = YES;
				CLANG_WARN_BLOCK_CAPTURE_AUTORELEASING = YES;
				CLANG_WARN_BOOL_CONVERSION = YES;
				CLANG_WARN_COMMA = YES;
				CLANG_WARN_CONSTANT_CONVERSION = YES;
				CLANG_WARN_DEPRECATED_OBJC_IMPLEMENTATIONS = YES;
				CLANG_WARN_DIRECT_OBJC_ISA_USAGE = YES_ERROR;
				CLANG_WARN_DOCUMENTATION_COMMENTS = YES;
				CLANG_WARN_EMPTY_BODY = YES;
				CLANG_WARN_ENUM_CONVERSION = YES;
				CLANG_WARN_INFINITE_RECURSION = YES;
				CLANG_WARN_INT_CONVERSION = YES;
				CLANG_WARN_NON_LITERAL_NULL_CONVERSION = YES;
				CLANG_WARN_OBJC_IMPLICIT_RETAIN_SELF = YES;
				CLANG_WARN_OBJC_LITERAL_CONVERSION = YES;
				CLANG_WARN_OBJC_ROOT_CLASS = YES_ERROR;
				CLANG_WARN_QUOTED_INCLUDE_IN_FRAMEWORK_HEADER = YES;
				CLANG_WARN_RANGE_LOOP_ANALYSIS = YES;
				CLANG_WARN_STRICT_PROTOTYPES = YES;
				CLANG_WARN_SUSPICIOUS_MOVE = YES;
				CLANG_WARN_UNGUARDED_AVAILABILITY = YES_AGGRESSIVE;
				CLANG_WARN_UNREACHABLE_CODE = YES;
				CLANG_WARN__DUPLICATE_METHOD_MATCH = YES;
				COPY_PHASE_STRIP = NO;
				DEBUG_INFORMATION_FORMAT = "dwarf-with-dsym";
				ENABLE_NS_ASSERTIONS = NO;
				ENABLE_STRICT_OBJC_MSGSEND = YES;
				GCC_C_LANGUAGE_STANDARD = gnu11;
				GCC_NO_COMMON_BLOCKS = YES;
				GCC_WARN_64_TO_32_BIT_CONVERSION = YES;
				GCC_WARN_ABOUT_RETURN_TYPE = YES_ERROR;
				GCC_WARN_UNDECLARED_SELECTOR = YES;
				GCC_WARN_UNINITIALIZED_AUTOS = YES_AGGRESSIVE;
				GCC_WARN_UNUSED_FUNCTION = YES;
				GCC_WARN_UNUSED_VARIABLE = YES;
				IPHONEOS_DEPLOYMENT_TARGET = 15.2;
				MTL_ENABLE_DEBUG_INFO = NO;
				MTL_FAST_MATH = YES;
				SDKROOT = iphoneos;
				SWIFT_COMPILATION_MODE = wholemodule;
				SWIFT_OPTIMIZATION_LEVEL = "-O";
				VALIDATE_PRODUCT = YES;
			};
			name = Release;
		};
		0AE0B83527A3CADA00B6A0AE /* Debug */ = {
			isa = XCBuildConfiguration;
			buildSettings = {
				ASSETCATALOG_COMPILER_APPICON_NAME = AppIcon;
				ASSETCATALOG_COMPILER_GLOBAL_ACCENT_COLOR_NAME = AccentColor;
				CODE_SIGN_STYLE = Automatic;
				CURRENT_PROJECT_VERSION = 1;
				GENERATE_INFOPLIST_FILE = YES;
				INFOPLIST_FILE = AutoLayout/Info.plist;
				INFOPLIST_KEY_UIApplicationSupportsIndirectInputEvents = YES;
				INFOPLIST_KEY_UILaunchStoryboardName = LaunchScreen;
				INFOPLIST_KEY_UIMainStoryboardFile = Main;
				INFOPLIST_KEY_UISupportedInterfaceOrientations_iPad = "UIInterfaceOrientationPortrait UIInterfaceOrientationPortraitUpsideDown UIInterfaceOrientationLandscapeLeft UIInterfaceOrientationLandscapeRight";
				INFOPLIST_KEY_UISupportedInterfaceOrientations_iPhone = "UIInterfaceOrientationPortrait UIInterfaceOrientationLandscapeLeft UIInterfaceOrientationLandscapeRight";
				LD_RUNPATH_SEARCH_PATHS = (
					"$(inherited)",
					"@executable_path/Frameworks",
				);
				MARKETING_VERSION = 1.0;
				PRODUCT_BUNDLE_IDENTIFIER = study.AutoLayout;
				PRODUCT_NAME = "$(TARGET_NAME)";
				SWIFT_EMIT_LOC_STRINGS = YES;
				SWIFT_VERSION = 5.0;
				TARGETED_DEVICE_FAMILY = "1,2";
			};
			name = Debug;
		};
		0AE0B83627A3CADA00B6A0AE /* Release */ = {
			isa = XCBuildConfiguration;
			buildSettings = {
				ASSETCATALOG_COMPILER_APPICON_NAME = AppIcon;
				ASSETCATALOG_COMPILER_GLOBAL_ACCENT_COLOR_NAME = AccentColor;
				CODE_SIGN_STYLE = Automatic;
				CURRENT_PROJECT_VERSION = 1;
				GENERATE_INFOPLIST_FILE = YES;
				INFOPLIST_FILE = AutoLayout/Info.plist;
				INFOPLIST_KEY_UIApplicationSupportsIndirectInputEvents = YES;
				INFOPLIST_KEY_UILaunchStoryboardName = LaunchScreen;
				INFOPLIST_KEY_UIMainStoryboardFile = Main;
				INFOPLIST_KEY_UISupportedInterfaceOrientations_iPad = "UIInterfaceOrientationPortrait UIInterfaceOrientationPortraitUpsideDown UIInterfaceOrientationLandscapeLeft UIInterfaceOrientationLandscapeRight";
				INFOPLIST_KEY_UISupportedInterfaceOrientations_iPhone = "UIInterfaceOrientationPortrait UIInterfaceOrientationLandscapeLeft UIInterfaceOrientationLandscapeRight";
				LD_RUNPATH_SEARCH_PATHS = (
					"$(inherited)",
					"@executable_path/Frameworks",
				);
				MARKETING_VERSION = 1.0;
				PRODUCT_BUNDLE_IDENTIFIER = study.AutoLayout;
				PRODUCT_NAME = "$(TARGET_NAME)";
				SWIFT_EMIT_LOC_STRINGS = YES;
				SWIFT_VERSION = 5.0;
				TARGETED_DEVICE_FAMILY = "1,2";
			};
			name = Release;
		};
		0AE0B83827A3CADA00B6A0AE /* Debug */ = {
			isa = XCBuildConfiguration;
			buildSettings = {
				ALWAYS_EMBED_SWIFT_STANDARD_LIBRARIES = YES;
				BUNDLE_LOADER = "$(TEST_HOST)";
				CODE_SIGN_STYLE = Automatic;
				CURRENT_PROJECT_VERSION = 1;
				GENERATE_INFOPLIST_FILE = YES;
				IPHONEOS_DEPLOYMENT_TARGET = 15.2;
				MARKETING_VERSION = 1.0;
				PRODUCT_BUNDLE_IDENTIFIER = study.AutoLayoutTests;
				PRODUCT_NAME = "$(TARGET_NAME)";
				SWIFT_EMIT_LOC_STRINGS = NO;
				SWIFT_VERSION = 5.0;
				TARGETED_DEVICE_FAMILY = "1,2";
				TEST_HOST = "$(BUILT_PRODUCTS_DIR)/AutoLayout.app/AutoLayout";
			};
			name = Debug;
		};
		0AE0B83927A3CADA00B6A0AE /* Release */ = {
			isa = XCBuildConfiguration;
			buildSettings = {
				ALWAYS_EMBED_SWIFT_STANDARD_LIBRARIES = YES;
				BUNDLE_LOADER = "$(TEST_HOST)";
				CODE_SIGN_STYLE = Automatic;
				CURRENT_PROJECT_VERSION = 1;
				GENERATE_INFOPLIST_FILE = YES;
				IPHONEOS_DEPLOYMENT_TARGET = 15.2;
				MARKETING_VERSION = 1.0;
				PRODUCT_BUNDLE_IDENTIFIER = study.AutoLayoutTests;
				PRODUCT_NAME = "$(TARGET_NAME)";
				SWIFT_EMIT_LOC_STRINGS = NO;
				SWIFT_VERSION = 5.0;
				TARGETED_DEVICE_FAMILY = "1,2";
				TEST_HOST = "$(BUILT_PRODUCTS_DIR)/AutoLayout.app/AutoLayout";
			};
			name = Release;
		};
		0AE0B83B27A3CADA00B6A0AE /* Debug */ = {
			isa = XCBuildConfiguration;
			buildSettings = {
				ALWAYS_EMBED_SWIFT_STANDARD_LIBRARIES = YES;
				CODE_SIGN_STYLE = Automatic;
				CURRENT_PROJECT_VERSION = 1;
				GENERATE_INFOPLIST_FILE = YES;
				MARKETING_VERSION = 1.0;
				PRODUCT_BUNDLE_IDENTIFIER = study.AutoLayoutUITests;
				PRODUCT_NAME = "$(TARGET_NAME)";
				SWIFT_EMIT_LOC_STRINGS = NO;
				SWIFT_VERSION = 5.0;
				TARGETED_DEVICE_FAMILY = "1,2";
				TEST_TARGET_NAME = AutoLayout;
			};
			name = Debug;
		};
		0AE0B83C27A3CADA00B6A0AE /* Release */ = {
			isa = XCBuildConfiguration;
			buildSettings = {
				ALWAYS_EMBED_SWIFT_STANDARD_LIBRARIES = YES;
				CODE_SIGN_STYLE = Automatic;
				CURRENT_PROJECT_VERSION = 1;
				GENERATE_INFOPLIST_FILE = YES;
				MARKETING_VERSION = 1.0;
				PRODUCT_BUNDLE_IDENTIFIER = study.AutoLayoutUITests;
				PRODUCT_NAME = "$(TARGET_NAME)";
				SWIFT_EMIT_LOC_STRINGS = NO;
				SWIFT_VERSION = 5.0;
				TARGETED_DEVICE_FAMILY = "1,2";
				TEST_TARGET_NAME = AutoLayout;
			};
			name = Release;
		};
/* End XCBuildConfiguration section */

/* Begin XCConfigurationList section */
		0AE0B80527A3CAD900B6A0AE /* Build configuration list for PBXProject "AutoLayout" */ = {
			isa = XCConfigurationList;
			buildConfigurations = (
				0AE0B83227A3CADA00B6A0AE /* Debug */,
				0AE0B83327A3CADA00B6A0AE /* Release */,
			);
			defaultConfigurationIsVisible = 0;
			defaultConfigurationName = Release;
		};
		0AE0B83427A3CADA00B6A0AE /* Build configuration list for PBXNativeTarget "AutoLayout" */ = {
			isa = XCConfigurationList;
			buildConfigurations = (
				0AE0B83527A3CADA00B6A0AE /* Debug */,
				0AE0B83627A3CADA00B6A0AE /* Release */,
			);
			defaultConfigurationIsVisible = 0;
			defaultConfigurationName = Release;
		};
		0AE0B83727A3CADA00B6A0AE /* Build configuration list for PBXNativeTarget "AutoLayoutTests" */ = {
			isa = XCConfigurationList;
			buildConfigurations = (
				0AE0B83827A3CADA00B6A0AE /* Debug */,
				0AE0B83927A3CADA00B6A0AE /* Release */,
			);
			defaultConfigurationIsVisible = 0;
			defaultConfigurationName = Release;
		};
		0AE0B83A27A3CADA00B6A0AE /* Build configuration list for PBXNativeTarget "AutoLayoutUITests" */ = {
			isa = XCConfigurationList;
			buildConfigurations = (
				0AE0B83B27A3CADA00B6A0AE /* Debug */,
				0AE0B83C27A3CADA00B6A0AE /* Release */,
			);
			defaultConfigurationIsVisible = 0;
			defaultConfigurationName = Release;
		};
/* End XCConfigurationList section */
	};
	rootObject = 0AE0B80227A3CAD900B6A0AE /* Project object */;
}
